{
  "name": "cssp-loader",
  "version": "1.0.1",
  "lockfileVersion": 1,
  "requires": true,
  "dependencies": {
    "cssp-compiler": {
      "version": "0.0.3",
      "resolved": "https://registry.npmjs.org/cssp-compiler/-/cssp-compiler-0.0.3.tgz",
      "integrity": "sha512-frlV4QtnEkdz+YabQDoRVn3lkcxPrZ77gNJidrIj2BOIa2yQuWeLsv+8f8s0LBa6GpCJGm0lLNc7NbhrKjoYpw=="
    }
  }
}
